{
  "name": "readmp3_test",
  "version": "1.0.0",
  "lockfileVersion": 1,
  "requires": true,
  "dependencies": {
    "jsmediatags": {
      "version": "3.9.1",
      "resolved": "https://registry.npmjs.org/jsmediatags/-/jsmediatags-3.9.1.tgz",
      "integrity": "sha512-0DvHaeFs9+o2OcbPIn3Ek6kvNExJTT8rhkU+tqblrI3BL6XRSJxuQTf9P2wmqrg8S8fVDz6Sm1RBk1UXYOF54g==",
      "requires": {
        "xhr2": "^0.1.4"
      }
    },
    "xhr2": {
      "version": "0.1.4",
      "resolved": "https://registry.npmjs.org/xhr2/-/xhr2-0.1.4.tgz",
      "integrity": "sha1-f4dliEdxbbUCYyOBL4GMras4el8="
    }
  }
}
